
Microsoft Visual Studio Solution File, Format Version 12.00
# Visual Studio Version 16
VisualStudioVersion = 16.0.31702.278
MinimumVisualStudioVersion = 10.0.40219.1
Project("{9A19103F-16F7-4668-BE54-9A1E7A4F7556}") = "Shattered Tides", "Shifting Tides\Shattered Tides.csproj", "{CCA584E8-6E56-4645-9D33-CCAE39CCE1DA}"
EndProject
Project("{2150E333-8FDC-42A3-9474-1A3956D46DE8}") = "Solution Items", "Solution Items", "{A09327EB-2EF6-4339-9126-505FCEE17E33}"
	ProjectSection(SolutionItems) = preProject
		.editorconfig = .editorconfig
	EndProjectSection
EndProject
Global
	GlobalSection(SolutionConfigurationPlatforms) = preSolution
		Debug|Any CPU = Debug|Any CPU
		Release|Any CPU = Release|Any CPU
	EndGlobalSection
	GlobalSection(ProjectConfigurationPlatforms) = postSolution
		{CCA584E8-6E56-4645-9D33-CCAE39CCE1DA}.Debug|Any CPU.ActiveCfg = Debug|Any CPU
		{CCA584E8-6E56-4645-9D33-CCAE39CCE1DA}.Debug|Any CPU.Build.0 = Debug|Any CPU
		{CCA584E8-6E56-4645-9D33-CCAE39CCE1DA}.Release|Any CPU.ActiveCfg = Release|Any CPU
		{CCA584E8-6E56-4645-9D33-CCAE39CCE1DA}.Release|Any CPU.Build.0 = Release|Any CPU
	EndGlobalSection
	GlobalSection(SolutionProperties) = preSolution
		HideSolutionNode = FALSE
	EndGlobalSection
	GlobalSection(ExtensibilityGlobals) = postSolution
		SolutionGuid = {BB752CE8-9048-4655-9CB6-5CDE10D33250}
	EndGlobalSection
EndGlobal
